{
  "version": 4,
  "terraform_version": "1.14.8",
  "serial": 509,
  "lineage": "6b045c8b-d44f-ded4-1e1f-b4ecf4ce667f",
  "outputs": {},
  "resources": [
    {
      "module": "module.Cluster",
      "mode": "data",
      "type": "aws_eks_cluster",
      "name": "eks",
      "provider": "provider[\"registry.terraform.io/hashicorp/aws\"]",
      "instances": [
        {
          "schema_version": 0,
          "attributes": {
            "access_config": [
              {
                "authentication_mode": "CONFIG_MAP",
                "bootstrap_cluster_creator_admin_permissions": true
              }
            ],
            "arn": "arn:aws:eks:us-west-2:058264484352:cluster/dev-cluster",
            "certificate_authority": [
              {
                "data": "LS0tLS1CRUdJTiBDRVJUSUZJQ0FURS0tLS0tCk1JSURCVENDQWUyZ0F3SUJBZ0lJSHlhZEtta0ZEbjB3RFFZSktvWklodmNOQVFFTEJRQXdGVEVUTUJFR0ExVUUKQXhNS2EzVmlaWEp1WlhSbGN6QWVGdzB5TmpBMk1EWXhNelUyTlRGYUZ3MHpOakEyTURNeE5EQXhOVEZhTUJVeApFekFSQmdOVkJBTVRDbXQxWW1WeWJtVjBaWE13Z2dFaU1BMEdDU3FHU0liM0RRRUJBUVVBQTRJQkR3QXdnZ0VLCkFvSUJBUUM3VGZoYzRxcDlMTVpYOEl3YnV4RzBCQ0J1YjZzaU9OeU9QbG8xZXVDemtNRGVDUW9wRzMvYVNibXcKbTNyOE9LTWtYaDgvT1g2VmZHaVZiUUxFWGR3bkNIVTB1MDkyOXlubWcyRXAweWhhWW9UWDhpejltSUwrbElDWQp5NVZDVjVEUlgxVEd1bVNZMXBMekFITkRrLzd4M3pOSm80YTJORnk0RUpvdVk5cjF3Ni9MVXNRTHFyN29mQm1zCktUMlV6enJNS1FJR2s3VFQ4Yit3b2tucGdyV21lNndFbGdpRENWNGRKb3VSRlU4aDFUVXV2NnpnaWVhNjdvQW4KNGVXSUJSR2dJZG9wcW1Ld1hwTFJQallCVTlJaEhWQ1BnV3Z3ejlzT3RlbGx0U0FXczhzMFpsdkU4VUYrSnBzSwprbWlONXI5TmE5dzJjMW5EUEx2c2RScXAxTE5OQWdNQkFBR2pXVEJYTUE0R0ExVWREd0VCL3dRRUF3SUNwREFQCkJnTlZIUk1CQWY4RUJUQURBUUgvTUIwR0ExVWREZ1FXQkJRNUdxczdPcUJkbkR6aHRuQ1E0THcxVjFyZlVUQVYKQmdOVkhSRUVEakFNZ2dwcmRXSmxjbTVsZEdWek1BMEdDU3FHU0liM0RRRUJDd1VBQTRJQkFRQnJkU1N5akw2OQpieWUvS3NSelU5dk5hMlJIZW51RWZFS2pMcGxmaVJBK094U0c5UC8raGplUkxYL1psQ0JzNEFhM3AwQWNkK0dNClRoemliU0I0eWdvdTd0OVVDOHZQZkhpMHA4UmxsT3l0U3ZRUk8wZDBaZFg4NjBVNjQ3Z1gwalloNitkSi9nRjcKTlF2MWM1UTg1U3RWb2lwUmJ2L01OQkp5UmhqQXd6RXJhSmVvUS91NmFNSkhIc2JzZnp2UDk3ZjRzZ0Z4Sit1SQpsRkgzdThwMzFRR2ZHanZ1VnBTU2ZsZEJFWEF0dlh4YnFKSnQxUXFvQSt0clN3a2R0QTZpc0J6U2p2UGVpeGdSCnZ1bzdaTkxOV21sRFdsNHJJQXRucS9YangvRjh6cG9nQ0VhbWF3RlNFN09kVzVFdXNzcWhnRlB5dVh4bHJDVHoKOXJnSS9rTFh4d0tmCi0tLS0tRU5EIENFUlRJRklDQVRFLS0tLS0K"
              }
            ],
            "cluster_id": null,
            "compute_config": [
              {
                "enabled": false,
                "node_pools": [],
                "node_role_arn": ""
              }
            ],
            "control_plane_scaling_config": [
              {
                "tier": "standard"
              }
            ],
            "created_at": "2026-06-06T13:57:08Z",
            "deletion_protection": false,
            "enabled_cluster_log_types": [
              "api",
              "audit",
              "authenticator"
            ],
            "endpoint": "https://3D947FFF40FABF2A2B5875C07A4BD10B.gr7.us-west-2.eks.amazonaws.com",
            "id": "dev-cluster",
            "identity": [
              {
                "oidc": [
                  {
                    "issuer": "https://oidc.eks.us-west-2.amazonaws.com/id/3D947FFF40FABF2A2B5875C07A4BD10B"
                  }
                ]
              }
            ],
            "kubernetes_network_config": [
              {
                "elastic_load_balancing": [
                  {
                    "enabled": false
                  }
                ],
                "ip_family": "ipv4",
                "service_ipv4_cidr": "172.20.0.0/16",
                "service_ipv6_cidr": ""
              }
            ],
            "name": "dev-cluster",
            "outpost_config": [],
            "platform_version": "eks.24",
            "region": "us-west-2",
            "remote_network_config": [],
            "role_arn": "arn:aws:iam::058264484352:role/EKS_Cluster_Role",
            "status": "ACTIVE",
            "storage_config": [
              {
                "block_storage": [
                  {
                    "enabled": false
                  }
                ]
              }
            ],
            "tags": {
              "Environment": "dev",
              "Name": "dev-cluster",
              "Owner": "team-devops",
              "Project": "myproject"
            },
            "upgrade_policy": [
              {
                "support_type": "EXTENDED"
              }
            ],
            "version": "1.34",
            "vpc_config": [
              {
                "cluster_security_group_id": "sg-0835077bca95b7920",
                "endpoint_private_access": false,
                "endpoint_public_access": true,
                "public_access_cidrs": [
                  "0.0.0.0/0"
                ],
                "security_group_ids": [],
                "subnet_ids": [
                  "subnet-005d70ee31c5d9140",
                  "subnet-01e8c384385fef2ae",
                  "subnet-04e84139d21ec5fb4",
                  "subnet-0c39cd6c3c5b75f08"
                ],
                "vpc_id": "vpc-0896e98c1555622f7"
              }
            ],
            "zonal_shift_config": []
          },
          "sensitive_attributes": [],
          "identity_schema_version": 0
        }
      ]
    },
    {
      "module": "module.Cluster",
      "mode": "managed",
      "type": "aws_db_instance",
      "name": "mysql",
      "provider": "provider[\"registry.terraform.io/hashicorp/aws\"]",
      "instances": [
        {
          "schema_version": 2,
          "attributes": {
            "address": "realestate.ch8ck0kssfib.us-west-2.rds.amazonaws.com",
            "allocated_storage": 20,
            "allow_major_version_upgrade": null,
            "apply_immediately": false,
            "arn": "arn:aws:rds:us-west-2:058264484352:db:realestate",
            "auto_minor_version_upgrade": true,
            "availability_zone": "us-west-2a",
            "backup_retention_period": 7,
            "backup_target": "region",
            "backup_window": "08:50-09:20",
            "blue_green_update": [],
            "ca_cert_identifier": "rds-ca-rsa2048-g1",
            "character_set_name": "",
            "copy_tags_to_snapshot": false,
            "custom_iam_instance_profile": "",
            "customer_owned_ip_enabled": false,
            "database_insights_mode": "standard",
            "db_name": "realestate",
            "db_subnet_group_name": "rds-subnet-group",
            "dedicated_log_volume": false,
            "delete_automated_backups": true,
            "deletion_protection": false,
            "domain": "",
            "domain_auth_secret_arn": "",
            "domain_dns_ips": null,
            "domain_fqdn": "",
            "domain_iam_role_name": "",
            "domain_ou": "",
            "enabled_cloudwatch_logs_exports": null,
            "endpoint": "realestate.ch8ck0kssfib.us-west-2.rds.amazonaws.com:5432",
            "engine": "postgres",
            "engine_lifecycle_support": "open-source-rds-extended-support",
            "engine_version": "18.3",
            "engine_version_actual": "18.3",
            "final_snapshot_identifier": null,
            "hosted_zone_id": "Z1PVIF0B656C1W",
            "iam_database_authentication_enabled": false,
            "id": "db-QJUUIY57ZPQDEM3YLOSYAVBMKQ",
            "identifier": "realestate",
            "identifier_prefix": "",
            "instance_class": "db.t3.micro",
            "iops": 0,
            "kms_key_id": "",
            "latest_restorable_time": "2026-06-06T14:08:44Z",
            "license_model": "postgresql-license",
            "listener_endpoint": [],
            "maintenance_window": "mon:09:24-mon:09:54",
            "manage_master_user_password": null,
            "master_user_secret": [],
            "master_user_secret_kms_key_id": null,
            "max_allocated_storage": 0,
            "monitoring_interval": 0,
            "monitoring_role_arn": "",
            "multi_az": false,
            "nchar_character_set_name": "",
            "network_type": "IPV4",
            "option_group_name": "default:postgres-18",
            "parameter_group_name": "default.postgres18",
            "password": "admin123",
            "password_wo": null,
            "password_wo_version": null,
            "performance_insights_enabled": false,
            "performance_insights_kms_key_id": "",
            "performance_insights_retention_period": 0,
            "port": 5432,
            "publicly_accessible": false,
            "region": "us-west-2",
            "replica_mode": "",
            "replicas": [],
            "replicate_source_db": "",
            "resource_id": "db-QJUUIY57ZPQDEM3YLOSYAVBMKQ",
            "restore_to_point_in_time": [],
            "s3_import": [],
            "skip_final_snapshot": true,
            "snapshot_identifier": null,
            "status": "available",
            "storage_encrypted": false,
            "storage_throughput": 0,
            "storage_type": "gp2",
            "tags": {
              "Environment": "dev",
              "Owner": "team-devops",
              "Project": "myproject"
            },
            "tags_all": {
              "Environment": "dev",
              "Owner": "team-devops",
              "Project": "myproject"
            },
            "timeouts": null,
            "timezone": "",
            "upgrade_rollout_order": "second",
            "upgrade_storage_config": null,
            "username": "propadmin",
            "vpc_security_group_ids": [
              "sg-0a68db9a055b3e287"
            ]
          },
          "sensitive_attributes": [
            [
              {
                "type": "get_attr",
                "value": "password"
              }
            ],
            [
              {
                "type": "get_attr",
                "value": "password_wo"
              }
            ],
            [
              {
                "type": "get_attr",
                "value": "username"
              }
            ]
          ],
          "identity_schema_version": 0,
          "private": "eyJlMmJmYjczMC1lY2FhLTExZTYtOGY4OC0zNDM2M2JjN2M0YzAiOnsiY3JlYXRlIjozMDAwMDAwMDAwMDAwLCJkZWxldGUiOjM2MDAwMDAwMDAwMDAsInVwZGF0ZSI6NDgwMDAwMDAwMDAwMH0sInNjaGVtYV92ZXJzaW9uIjoiMiJ9",
          "dependencies": [
            "module.Cluster.aws_db_subnet_group.rds_subnet_group",
            "module.Cluster.aws_eks_cluster.cluster",
            "module.Cluster.aws_iam_role.eks_cluster_role",
            "module.Cluster.aws_iam_role_policy_attachment.eks_cluster_policy",
            "module.Cluster.aws_security_group.rds_sg",
            "module.Cluster.aws_subnet.private_subnet_1",
            "module.Cluster.aws_subnet.private_subnet_2",
            "module.Cluster.aws_subnet.public_subnet_1",
            "module.Cluster.aws_subnet.public_subnet_2",
            "module.Cluster.aws_vpc.EKS_VPC",
            "module.Cluster.data.aws_eks_cluster.eks"
          ]
        }
      ]
    },
    {
      "module": "module.Cluster",
      "mode": "managed",
      "type": "aws_db_subnet_group",
      "name": "rds_subnet_group",
      "provider": "provider[\"registry.terraform.io/hashicorp/aws\"]",
      "instances": [
        {
          "schema_version": 0,
          "attributes": {
            "arn": "arn:aws:rds:us-west-2:058264484352:subgrp:rds-subnet-group",
            "description": "Managed by Terraform",
            "id": "rds-subnet-group",
            "name": "rds-subnet-group",
            "name_prefix": "",
            "region": "us-west-2",
            "subnet_ids": [
              "subnet-005d70ee31c5d9140",
              "subnet-01e8c384385fef2ae"
            ],
            "supported_network_types": [
              "IPV4"
            ],
            "tags": {
              "Environment": "dev",
              "Owner": "team-devops",
              "Project": "myproject"
            },
            "tags_all": {
              "Environment": "dev",
              "Owner": "team-devops",
              "Project": "myproject"
            },
            "vpc_id": "vpc-0896e98c1555622f7"
          },
          "sensitive_attributes": [],
          "identity_schema_version": 0,
          "private": "bnVsbA==",
          "dependencies": [
            "module.Cluster.aws_subnet.private_subnet_1",
            "module.Cluster.aws_subnet.private_subnet_2",
            "module.Cluster.aws_vpc.EKS_VPC"
          ]
        }
      ]
    },
    {
      "module": "module.Cluster",
      "mode": "managed",
      "type": "aws_eks_cluster",
      "name": "cluster",
      "provider": "provider[\"registry.terraform.io/hashicorp/aws\"]",
      "instances": [
        {
          "schema_version": 1,
          "attributes": {
            "access_config": [
              {
                "authentication_mode": "CONFIG_MAP",
                "bootstrap_cluster_creator_admin_permissions": true
              }
            ],
            "arn": "arn:aws:eks:us-west-2:058264484352:cluster/dev-cluster",
            "bootstrap_self_managed_addons": true,
            "certificate_authority": [
              {
                "data": "LS0tLS1CRUdJTiBDRVJUSUZJQ0FURS0tLS0tCk1JSURCVENDQWUyZ0F3SUJBZ0lJSHlhZEtta0ZEbjB3RFFZSktvWklodmNOQVFFTEJRQXdGVEVUTUJFR0ExVUUKQXhNS2EzVmlaWEp1WlhSbGN6QWVGdzB5TmpBMk1EWXhNelUyTlRGYUZ3MHpOakEyTURNeE5EQXhOVEZhTUJVeApFekFSQmdOVkJBTVRDbXQxWW1WeWJtVjBaWE13Z2dFaU1BMEdDU3FHU0liM0RRRUJBUVVBQTRJQkR3QXdnZ0VLCkFvSUJBUUM3VGZoYzRxcDlMTVpYOEl3YnV4RzBCQ0J1YjZzaU9OeU9QbG8xZXVDemtNRGVDUW9wRzMvYVNibXcKbTNyOE9LTWtYaDgvT1g2VmZHaVZiUUxFWGR3bkNIVTB1MDkyOXlubWcyRXAweWhhWW9UWDhpejltSUwrbElDWQp5NVZDVjVEUlgxVEd1bVNZMXBMekFITkRrLzd4M3pOSm80YTJORnk0RUpvdVk5cjF3Ni9MVXNRTHFyN29mQm1zCktUMlV6enJNS1FJR2s3VFQ4Yit3b2tucGdyV21lNndFbGdpRENWNGRKb3VSRlU4aDFUVXV2NnpnaWVhNjdvQW4KNGVXSUJSR2dJZG9wcW1Ld1hwTFJQallCVTlJaEhWQ1BnV3Z3ejlzT3RlbGx0U0FXczhzMFpsdkU4VUYrSnBzSwprbWlONXI5TmE5dzJjMW5EUEx2c2RScXAxTE5OQWdNQkFBR2pXVEJYTUE0R0ExVWREd0VCL3dRRUF3SUNwREFQCkJnTlZIUk1CQWY4RUJUQURBUUgvTUIwR0ExVWREZ1FXQkJRNUdxczdPcUJkbkR6aHRuQ1E0THcxVjFyZlVUQVYKQmdOVkhSRUVEakFNZ2dwcmRXSmxjbTVsZEdWek1BMEdDU3FHU0liM0RRRUJDd1VBQTRJQkFRQnJkU1N5akw2OQpieWUvS3NSelU5dk5hMlJIZW51RWZFS2pMcGxmaVJBK094U0c5UC8raGplUkxYL1psQ0JzNEFhM3AwQWNkK0dNClRoemliU0I0eWdvdTd0OVVDOHZQZkhpMHA4UmxsT3l0U3ZRUk8wZDBaZFg4NjBVNjQ3Z1gwalloNitkSi9nRjcKTlF2MWM1UTg1U3RWb2lwUmJ2L01OQkp5UmhqQXd6RXJhSmVvUS91NmFNSkhIc2JzZnp2UDk3ZjRzZ0Z4Sit1SQpsRkgzdThwMzFRR2ZHanZ1VnBTU2ZsZEJFWEF0dlh4YnFKSnQxUXFvQSt0clN3a2R0QTZpc0J6U2p2UGVpeGdSCnZ1bzdaTkxOV21sRFdsNHJJQXRucS9YangvRjh6cG9nQ0VhbWF3RlNFN09kVzVFdXNzcWhnRlB5dVh4bHJDVHoKOXJnSS9rTFh4d0tmCi0tLS0tRU5EIENFUlRJRklDQVRFLS0tLS0K"
              }
            ],
            "cluster_id": null,
            "compute_config": [
              {
                "enabled": false,
                "node_pools": [],
                "node_role_arn": ""
              }
            ],
            "control_plane_scaling_config": [
              {
                "tier": "standard"
              }
            ],
            "created_at": "2026-06-06T13:57:08Z",
            "deletion_protection": false,
            "enabled_cluster_log_types": [
              "api",
              "audit",
              "authenticator"
            ],
            "encryption_config": [],
            "endpoint": "https://3D947FFF40FABF2A2B5875C07A4BD10B.gr7.us-west-2.eks.amazonaws.com",
            "force_update_version": null,
            "id": "dev-cluster",
            "identity": [
              {
                "oidc": [
                  {
                    "issuer": "https://oidc.eks.us-west-2.amazonaws.com/id/3D947FFF40FABF2A2B5875C07A4BD10B"
                  }
                ]
              }
            ],
            "kubernetes_network_config": [
              {
                "elastic_load_balancing": [
                  {
                    "enabled": false
                  }
                ],
                "ip_family": "ipv4",
                "service_ipv4_cidr": "172.20.0.0/16",
                "service_ipv6_cidr": ""
              }
            ],
            "name": "dev-cluster",
            "outpost_config": [],
            "platform_version": "eks.24",
            "region": "us-west-2",
            "remote_network_config": [],
            "role_arn": "arn:aws:iam::058264484352:role/EKS_Cluster_Role",
            "status": "ACTIVE",
            "storage_config": [
              {
                "block_storage": [
                  {
                    "enabled": false
                  }
                ]
              }
            ],
            "tags": {
              "Environment": "dev",
              "Name": "dev-cluster",
              "Owner": "team-devops",
              "Project": "myproject"
            },
            "tags_all": {
              "Environment": "dev",
              "Name": "dev-cluster",
              "Owner": "team-devops",
              "Project": "myproject"
            },
            "timeouts": null,
            "upgrade_policy": [
              {
                "support_type": "EXTENDED"
              }
            ],
            "version": "1.34",
            "vpc_config": [
              {
                "cluster_security_group_id": "sg-0835077bca95b7920",
                "endpoint_private_access": false,
                "endpoint_public_access": true,
                "public_access_cidrs": [
                  "0.0.0.0/0"
                ],
                "security_group_ids": null,
                "subnet_ids": [
                  "subnet-005d70ee31c5d9140",
                  "subnet-01e8c384385fef2ae",
                  "subnet-04e84139d21ec5fb4",
                  "subnet-0c39cd6c3c5b75f08"
                ],
                "vpc_id": "vpc-0896e98c1555622f7"
              }
            ],
            "zonal_shift_config": []
          },
          "sensitive_attributes": [],
          "identity_schema_version": 0,
          "private": "eyJlMmJmYjczMC1lY2FhLTExZTYtOGY4OC0zNDM2M2JjN2M0YzAiOnsiY3JlYXRlIjoxODAwMDAwMDAwMDAwLCJkZWxldGUiOjkwMDAwMDAwMDAwMCwidXBkYXRlIjozNjAwMDAwMDAwMDAwfSwic2NoZW1hX3ZlcnNpb24iOiIxIn0=",
          "dependencies": [
            "module.Cluster.aws_iam_role.eks_cluster_role",
            "module.Cluster.aws_iam_role_policy_attachment.eks_cluster_policy",
            "module.Cluster.aws_subnet.private_subnet_1",
            "module.Cluster.aws_subnet.private_subnet_2",
            "module.Cluster.aws_subnet.public_subnet_1",
            "module.Cluster.aws_subnet.public_subnet_2",
            "module.Cluster.aws_vpc.EKS_VPC"
          ]
        }
      ]
    },
    {
      "module": "module.Cluster",
      "mode": "managed",
      "type": "aws_eks_node_group",
      "name": "eks_nodes",
      "provider": "provider[\"registry.terraform.io/hashicorp/aws\"]",
      "instances": [
        {
          "schema_version": 0,
          "attributes": {
            "ami_type": "AL2023_x86_64_STANDARD",
            "arn": "arn:aws:eks:us-west-2:058264484352:nodegroup/dev-cluster/dev-workers/30cf4e9f-a4bc-62f9-3cbe-0e436330bf3a",
            "capacity_type": "ON_DEMAND",
            "cluster_name": "dev-cluster",
            "disk_size": 20,
            "force_update_version": null,
            "id": "dev-cluster:dev-workers",
            "instance_types": [
              "t3.medium"
            ],
            "labels": {
              "environment": "dev",
              "role": "worker"
            },
            "launch_template": [],
            "node_group_name": "dev-workers",
            "node_group_name_prefix": "",
            "node_repair_config": [],
            "node_role_arn": "arn:aws:iam::058264484352:role/dev-eks-node-role",
            "region": "us-west-2",
            "release_version": "1.34.8-20260529",
            "remote_access": [],
            "resources": [
              {
                "autoscaling_groups": [
                  {
                    "name": "eks-dev-workers-30cf4e9f-a4bc-62f9-3cbe-0e436330bf3a"
                  }
                ],
                "remote_access_security_group_id": ""
              }
            ],
            "scaling_config": [
              {
                "desired_size": 2,
                "max_size": 3,
                "min_size": 2
              }
            ],
            "status": "ACTIVE",
            "subnet_ids": [
              "subnet-04e84139d21ec5fb4",
              "subnet-0c39cd6c3c5b75f08"
            ],
            "tags": {
              "Environment": "dev",
              "Name": "dev-workers",
              "Owner": "team-devops",
              "Project": "myproject"
            },
            "tags_all": {
              "Environment": "dev",
              "Name": "dev-workers",
              "Owner": "team-devops",
              "Project": "myproject"
            },
            "taint": [],
            "timeouts": null,
            "update_config": [
              {
                "max_unavailable": 1,
                "max_unavailable_percentage": 0,
                "update_strategy": ""
              }
            ],
            "version": "1.34"
          },
          "sensitive_attributes": [],
          "identity_schema_version": 0,
          "private": "eyJlMmJmYjczMC1lY2FhLTExZTYtOGY4OC0zNDM2M2JjN2M0YzAiOnsiY3JlYXRlIjozNjAwMDAwMDAwMDAwLCJkZWxldGUiOjM2MDAwMDAwMDAwMDAsInVwZGF0ZSI6MzYwMDAwMDAwMDAwMH19",
          "dependencies": [
            "module.Cluster.aws_eks_cluster.cluster",
            "module.Cluster.aws_iam_instance_profile.eks_node_profile",
            "module.Cluster.aws_iam_role.eks_cluster_role",
            "module.Cluster.aws_iam_role.eks_node_role",
            "module.Cluster.aws_iam_role_policy_attachment.cni_policy",
            "module.Cluster.aws_iam_role_policy_attachment.ecr_policy",
            "module.Cluster.aws_iam_role_policy_attachment.eks_cluster_policy",
            "module.Cluster.aws_iam_role_policy_attachment.worker_node_policy",
            "module.Cluster.aws_subnet.private_subnet_1",
            "module.Cluster.aws_subnet.private_subnet_2",
            "module.Cluster.aws_subnet.public_subnet_1",
            "module.Cluster.aws_subnet.public_subnet_2",
            "module.Cluster.aws_vpc.EKS_VPC"
          ]
        }
      ]
    },
    {
      "module": "module.Cluster",
      "mode": "managed",
      "type": "aws_iam_instance_profile",
      "name": "eks_node_profile",
      "provider": "provider[\"registry.terraform.io/hashicorp/aws\"]",
      "instances": [
        {
          "schema_version": 0,
          "attributes": {
            "arn": "arn:aws:iam::058264484352:instance-profile/dev-eks-node-profile",
            "create_date": "2026-06-06T13:56:51Z",
            "id": "dev-eks-node-profile",
            "name": "dev-eks-node-profile",
            "name_prefix": "",
            "path": "/",
            "role": "dev-eks-node-role",
            "tags": null,
            "tags_all": {},
            "unique_id": "AIPAQ3EGVPIAIZQSQHW2Y"
          },
          "sensitive_attributes": [],
          "identity_schema_version": 0,
          "private": "bnVsbA==",
          "dependencies": [
            "module.Cluster.aws_iam_role.eks_node_role"
          ]
        }
      ]
    },
    {
      "module": "module.Cluster",
      "mode": "managed",
      "type": "aws_iam_role",
      "name": "eks_cluster_role",
      "provider": "provider[\"registry.terraform.io/hashicorp/aws\"]",
      "instances": [
        {
          "schema_version": 0,
          "attributes": {
            "arn": "arn:aws:iam::058264484352:role/EKS_Cluster_Role",
            "assume_role_policy": "{\"Statement\":[{\"Action\":\"sts:AssumeRole\",\"Effect\":\"Allow\",\"Principal\":{\"Service\":\"eks.amazonaws.com\"}}],\"Version\":\"2012-10-17\"}",
            "create_date": "2026-06-06T13:56:49Z",
            "description": "",
            "force_detach_policies": false,
            "id": "EKS_Cluster_Role",
            "inline_policy": [],
            "managed_policy_arns": [],
            "max_session_duration": 3600,
            "name": "EKS_Cluster_Role",
            "name_prefix": "",
            "path": "/",
            "permissions_boundary": "",
            "tags": null,
            "tags_all": {},
            "unique_id": "AROAQ3EGVPIAPQPE5SSM2"
          },
          "sensitive_attributes": [],
          "identity_schema_version": 0,
          "identity": {
            "account_id": "058264484352",
            "name": "EKS_Cluster_Role"
          },
          "private": "bnVsbA=="
        }
      ]
    },
    {
      "module": "module.Cluster",
      "mode": "managed",
      "type": "aws_iam_role",
      "name": "eks_node_role",
      "provider": "provider[\"registry.terraform.io/hashicorp/aws\"]",
      "instances": [
        {
          "schema_version": 0,
          "attributes": {
            "arn": "arn:aws:iam::058264484352:role/dev-eks-node-role",
            "assume_role_policy": "{\"Statement\":[{\"Action\":\"sts:AssumeRole\",\"Effect\":\"Allow\",\"Principal\":{\"Service\":\"ec2.amazonaws.com\"}}],\"Version\":\"2012-10-17\"}",
            "create_date": "2026-06-06T13:56:49Z",
            "description": "",
            "force_detach_policies": false,
            "id": "dev-eks-node-role",
            "inline_policy": [],
            "managed_policy_arns": [],
            "max_session_duration": 3600,
            "name": "dev-eks-node-role",
            "name_prefix": "",
            "path": "/",
            "permissions_boundary": "",
            "tags": null,
            "tags_all": {},
            "unique_id": "AROAQ3EGVPIAG62LI7LSN"
          },
          "sensitive_attributes": [],
          "identity_schema_version": 0,
          "identity": {
            "account_id": "058264484352",
            "name": "dev-eks-node-role"
          },
          "private": "bnVsbA=="
        }
      ]
    },
    {
      "module": "module.Cluster",
      "mode": "managed",
      "type": "aws_iam_role_policy_attachment",
      "name": "cni_policy",
      "provider": "provider[\"registry.terraform.io/hashicorp/aws\"]",
      "instances": [
        {
          "schema_version": 0,
          "attributes": {
            "id": "dev-eks-node-role/arn:aws:iam::aws:policy/AmazonEKS_CNI_Policy",
            "policy_arn": "arn:aws:iam::aws:policy/AmazonEKS_CNI_Policy",
            "role": "dev-eks-node-role"
          },
          "sensitive_attributes": [],
          "identity_schema_version": 0,
          "identity": {
            "account_id": "058264484352",
            "policy_arn": "arn:aws:iam::aws:policy/AmazonEKS_CNI_Policy",
            "role": "dev-eks-node-role"
          },
          "private": "bnVsbA==",
          "dependencies": [
            "module.Cluster.aws_iam_role.eks_node_role"
          ]
        }
      ]
    },
    {
      "module": "module.Cluster",
      "mode": "managed",
      "type": "aws_iam_role_policy_attachment",
      "name": "ecr_policy",
      "provider": "provider[\"registry.terraform.io/hashicorp/aws\"]",
      "instances": [
        {
          "schema_version": 0,
          "attributes": {
            "id": "dev-eks-node-role/arn:aws:iam::aws:policy/AmazonEC2ContainerRegistryReadOnly",
            "policy_arn": "arn:aws:iam::aws:policy/AmazonEC2ContainerRegistryReadOnly",
            "role": "dev-eks-node-role"
          },
          "sensitive_attributes": [],
          "identity_schema_version": 0,
          "identity": {
            "account_id": "058264484352",
            "policy_arn": "arn:aws:iam::aws:policy/AmazonEC2ContainerRegistryReadOnly",
            "role": "dev-eks-node-role"
          },
          "private": "bnVsbA==",
          "dependencies": [
            "module.Cluster.aws_iam_role.eks_node_role"
          ]
        }
      ]
    },
    {
      "module": "module.Cluster",
      "mode": "managed",
      "type": "aws_iam_role_policy_attachment",
      "name": "eks_cluster_policy",
      "provider": "provider[\"registry.terraform.io/hashicorp/aws\"]",
      "instances": [
        {
          "schema_version": 0,
          "attributes": {
            "id": "EKS_Cluster_Role/arn:aws:iam::aws:policy/AmazonEKSClusterPolicy",
            "policy_arn": "arn:aws:iam::aws:policy/AmazonEKSClusterPolicy",
            "role": "EKS_Cluster_Role"
          },
          "sensitive_attributes": [],
          "identity_schema_version": 0,
          "identity": {
            "account_id": "058264484352",
            "policy_arn": "arn:aws:iam::aws:policy/AmazonEKSClusterPolicy",
            "role": "EKS_Cluster_Role"
          },
          "private": "bnVsbA==",
          "dependencies": [
            "module.Cluster.aws_iam_role.eks_cluster_role"
          ]
        }
      ]
    },
    {
      "module": "module.Cluster",
      "mode": "managed",
      "type": "aws_iam_role_policy_attachment",
      "name": "worker_node_policy",
      "provider": "provider[\"registry.terraform.io/hashicorp/aws\"]",
      "instances": [
        {
          "schema_version": 0,
          "attributes": {
            "id": "dev-eks-node-role/arn:aws:iam::aws:policy/AmazonEKSWorkerNodePolicy",
            "policy_arn": "arn:aws:iam::aws:policy/AmazonEKSWorkerNodePolicy",
            "role": "dev-eks-node-role"
          },
          "sensitive_attributes": [],
          "identity_schema_version": 0,
          "identity": {
            "account_id": "058264484352",
            "policy_arn": "arn:aws:iam::aws:policy/AmazonEKSWorkerNodePolicy",
            "role": "dev-eks-node-role"
          },
          "private": "bnVsbA==",
          "dependencies": [
            "module.Cluster.aws_iam_role.eks_node_role"
          ]
        }
      ]
    },
    {
      "module": "module.Cluster",
      "mode": "managed",
      "type": "aws_internet_gateway",
      "name": "EKS_IGW",
      "provider": "provider[\"registry.terraform.io/hashicorp/aws\"]",
      "instances": [
        {
          "schema_version": 0,
          "attributes": {
            "arn": "arn:aws:ec2:us-west-2:058264484352:internet-gateway/igw-04d49ab96c6aa186d",
            "id": "igw-04d49ab96c6aa186d",
            "owner_id": "058264484352",
            "region": "us-west-2",
            "tags": {
              "Environment": "dev",
              "Name": "eks-igw",
              "Owner": "team-devops",
              "Project": "myproject",
              "kubernetes.io/cluster/dev-cluster": "shared",
              "kubernetes.io/role/internal-elb": "1"
            },
            "tags_all": {
              "Environment": "dev",
              "Name": "eks-igw",
              "Owner": "team-devops",
              "Project": "myproject",
              "kubernetes.io/cluster/dev-cluster": "shared",
              "kubernetes.io/role/internal-elb": "1"
            },
            "timeouts": null,
            "vpc_id": "vpc-0896e98c1555622f7"
          },
          "sensitive_attributes": [],
          "identity_schema_version": 0,
          "private": "eyJlMmJmYjczMC1lY2FhLTExZTYtOGY4OC0zNDM2M2JjN2M0YzAiOnsiY3JlYXRlIjoxMjAwMDAwMDAwMDAwLCJkZWxldGUiOjEyMDAwMDAwMDAwMDAsInVwZGF0ZSI6MTIwMDAwMDAwMDAwMH19",
          "dependencies": [
            "module.Cluster.aws_vpc.EKS_VPC"
          ]
        }
      ]
    },
    {
      "module": "module.Cluster",
      "mode": "managed",
      "type": "aws_route_table",
      "name": "EKS_RT",
      "provider": "provider[\"registry.terraform.io/hashicorp/aws\"]",
      "instances": [
        {
          "schema_version": 0,
          "attributes": {
            "arn": "arn:aws:ec2:us-west-2:058264484352:route-table/rtb-07a2b7a7944ba4f93",
            "id": "rtb-07a2b7a7944ba4f93",
            "owner_id": "058264484352",
            "propagating_vgws": [],
            "region": "us-west-2",
            "route": [
              {
                "carrier_gateway_id": "",
                "cidr_block": "0.0.0.0/0",
                "core_network_arn": "",
                "destination_prefix_list_id": "",
                "egress_only_gateway_id": "",
                "gateway_id": "igw-04d49ab96c6aa186d",
                "ipv6_cidr_block": "",
                "local_gateway_id": "",
                "nat_gateway_id": "",
                "network_interface_id": "",
                "transit_gateway_id": "",
                "vpc_endpoint_id": "",
                "vpc_peering_connection_id": ""
              }
            ],
            "tags": {
              "Environment": "dev",
              "Name": "eks-rt",
              "Owner": "team-devops",
              "Project": "myproject",
              "kubernetes.io/cluster/dev-cluster": "shared",
              "kubernetes.io/role/internal-elb": "1"
            },
            "tags_all": {
              "Environment": "dev",
              "Name": "eks-rt",
              "Owner": "team-devops",
              "Project": "myproject",
              "kubernetes.io/cluster/dev-cluster": "shared",
              "kubernetes.io/role/internal-elb": "1"
            },
            "timeouts": null,
            "vpc_id": "vpc-0896e98c1555622f7"
          },
          "sensitive_attributes": [],
          "identity_schema_version": 0,
          "identity": {
            "account_id": "058264484352",
            "id": "rtb-07a2b7a7944ba4f93",
            "region": "us-west-2"
          },
          "private": "eyJlMmJmYjczMC1lY2FhLTExZTYtOGY4OC0zNDM2M2JjN2M0YzAiOnsiY3JlYXRlIjozMDAwMDAwMDAwMDAsImRlbGV0ZSI6MzAwMDAwMDAwMDAwLCJ1cGRhdGUiOjEyMDAwMDAwMDAwMH19",
          "dependencies": [
            "module.Cluster.aws_internet_gateway.EKS_IGW",
            "module.Cluster.aws_vpc.EKS_VPC"
          ]
        }
      ]
    },
    {
      "module": "module.Cluster",
      "mode": "managed",
      "type": "aws_route_table_association",
      "name": "pub_subnet_1_assoc",
      "provider": "provider[\"registry.terraform.io/hashicorp/aws\"]",
      "instances": [
        {
          "schema_version": 0,
          "attributes": {
            "gateway_id": "",
            "id": "rtbassoc-07a7e78f7d0a43538",
            "region": "us-west-2",
            "route_table_id": "rtb-07a2b7a7944ba4f93",
            "subnet_id": "subnet-0c39cd6c3c5b75f08",
            "timeouts": null
          },
          "sensitive_attributes": [],
          "identity_schema_version": 0,
          "private": "eyJlMmJmYjczMC1lY2FhLTExZTYtOGY4OC0zNDM2M2JjN2M0YzAiOnsiY3JlYXRlIjozMDAwMDAwMDAwMDAsImRlbGV0ZSI6MzAwMDAwMDAwMDAwLCJ1cGRhdGUiOjEyMDAwMDAwMDAwMH19",
          "dependencies": [
            "module.Cluster.aws_internet_gateway.EKS_IGW",
            "module.Cluster.aws_route_table.EKS_RT",
            "module.Cluster.aws_subnet.public_subnet_1",
            "module.Cluster.aws_vpc.EKS_VPC"
          ]
        }
      ]
    },
    {
      "module": "module.Cluster",
      "mode": "managed",
      "type": "aws_route_table_association",
      "name": "pub_subnet_2_assoc",
      "provider": "provider[\"registry.terraform.io/hashicorp/aws\"]",
      "instances": [
        {
          "schema_version": 0,
          "attributes": {
            "gateway_id": "",
            "id": "rtbassoc-0fdf799873c249d7f",
            "region": "us-west-2",
            "route_table_id": "rtb-07a2b7a7944ba4f93",
            "subnet_id": "subnet-04e84139d21ec5fb4",
            "timeouts": null
          },
          "sensitive_attributes": [],
          "identity_schema_version": 0,
          "private": "eyJlMmJmYjczMC1lY2FhLTExZTYtOGY4OC0zNDM2M2JjN2M0YzAiOnsiY3JlYXRlIjozMDAwMDAwMDAwMDAsImRlbGV0ZSI6MzAwMDAwMDAwMDAwLCJ1cGRhdGUiOjEyMDAwMDAwMDAwMH19",
          "dependencies": [
            "module.Cluster.aws_internet_gateway.EKS_IGW",
            "module.Cluster.aws_route_table.EKS_RT",
            "module.Cluster.aws_subnet.public_subnet_2",
            "module.Cluster.aws_vpc.EKS_VPC"
          ]
        }
      ]
    },
    {
      "module": "module.Cluster",
      "mode": "managed",
      "type": "aws_security_group",
      "name": "rds_sg",
      "provider": "provider[\"registry.terraform.io/hashicorp/aws\"]",
      "instances": [
        {
          "schema_version": 1,
          "attributes": {
            "arn": "arn:aws:ec2:us-west-2:058264484352:security-group/sg-0a68db9a055b3e287",
            "description": "Managed by Terraform",
            "egress": [
              {
                "cidr_blocks": [
                  "0.0.0.0/0"
                ],
                "description": "Allow all outbound traffic",
                "from_port": 0,
                "ipv6_cidr_blocks": [],
                "prefix_list_ids": [],
                "protocol": "-1",
                "security_groups": [],
                "self": false,
                "to_port": 0
              }
            ],
            "id": "sg-0a68db9a055b3e287",
            "ingress": [
              {
                "cidr_blocks": [],
                "description": "Allow MySQL from EKS",
                "from_port": 5432,
                "ipv6_cidr_blocks": [],
                "prefix_list_ids": [],
                "protocol": "tcp",
                "security_groups": [
                  "sg-0835077bca95b7920"
                ],
                "self": false,
                "to_port": 5432
              }
            ],
            "name": "rds-sg",
            "name_prefix": "",
            "owner_id": "058264484352",
            "region": "us-west-2",
            "revoke_rules_on_delete": false,
            "tags": {
              "Environment": "dev",
              "Owner": "team-devops",
              "Project": "myproject"
            },
            "tags_all": {
              "Environment": "dev",
              "Owner": "team-devops",
              "Project": "myproject"
            },
            "timeouts": null,
            "vpc_id": "vpc-0896e98c1555622f7"
          },
          "sensitive_attributes": [],
          "identity_schema_version": 0,
          "identity": {
            "account_id": "058264484352",
            "id": "sg-0a68db9a055b3e287",
            "region": "us-west-2"
          },
          "private": "eyJlMmJmYjczMC1lY2FhLTExZTYtOGY4OC0zNDM2M2JjN2M0YzAiOnsiY3JlYXRlIjo2MDAwMDAwMDAwMDAsImRlbGV0ZSI6OTAwMDAwMDAwMDAwfSwic2NoZW1hX3ZlcnNpb24iOiIxIn0=",
          "dependencies": [
            "module.Cluster.aws_eks_cluster.cluster",
            "module.Cluster.aws_iam_role.eks_cluster_role",
            "module.Cluster.aws_iam_role_policy_attachment.eks_cluster_policy",
            "module.Cluster.aws_subnet.private_subnet_1",
            "module.Cluster.aws_subnet.private_subnet_2",
            "module.Cluster.aws_subnet.public_subnet_1",
            "module.Cluster.aws_subnet.public_subnet_2",
            "module.Cluster.aws_vpc.EKS_VPC",
            "module.Cluster.data.aws_eks_cluster.eks"
          ]
        }
      ]
    },
    {
      "module": "module.Cluster",
      "mode": "managed",
      "type": "aws_subnet",
      "name": "private_subnet_1",
      "provider": "provider[\"registry.terraform.io/hashicorp/aws\"]",
      "instances": [
        {
          "schema_version": 1,
          "attributes": {
            "arn": "arn:aws:ec2:us-west-2:058264484352:subnet/subnet-005d70ee31c5d9140",
            "assign_ipv6_address_on_creation": false,
            "availability_zone": "us-west-2a",
            "availability_zone_id": "usw2-az2",
            "cidr_block": "10.0.3.0/24",
            "customer_owned_ipv4_pool": "",
            "enable_dns64": false,
            "enable_lni_at_device_index": 0,
            "enable_resource_name_dns_a_record_on_launch": false,
            "enable_resource_name_dns_aaaa_record_on_launch": false,
            "id": "subnet-005d70ee31c5d9140",
            "ipv4_ipam_pool_id": null,
            "ipv4_netmask_length": null,
            "ipv6_cidr_block": "",
            "ipv6_cidr_block_association_id": "",
            "ipv6_ipam_pool_id": null,
            "ipv6_native": false,
            "ipv6_netmask_length": null,
            "map_customer_owned_ip_on_launch": false,
            "map_public_ip_on_launch": false,
            "outpost_arn": "",
            "owner_id": "058264484352",
            "private_dns_hostname_type_on_launch": "ip-name",
            "region": "us-west-2",
            "tags": {
              "Environment": "dev",
              "Name": "EKS_PRIVATE_SUB1",
              "Owner": "team-devops",
              "Project": "myproject"
            },
            "tags_all": {
              "Environment": "dev",
              "Name": "EKS_PRIVATE_SUB1",
              "Owner": "team-devops",
              "Project": "myproject"
            },
            "timeouts": null,
            "vpc_id": "vpc-0896e98c1555622f7"
          },
          "sensitive_attributes": [],
          "identity_schema_version": 0,
          "identity": {
            "account_id": "058264484352",
            "id": "subnet-005d70ee31c5d9140",
            "region": "us-west-2"
          },
          "private": "eyJlMmJmYjczMC1lY2FhLTExZTYtOGY4OC0zNDM2M2JjN2M0YzAiOnsiY3JlYXRlIjo2MDAwMDAwMDAwMDAsImRlbGV0ZSI6MTIwMDAwMDAwMDAwMH0sInNjaGVtYV92ZXJzaW9uIjoiMSJ9",
          "dependencies": [
            "module.Cluster.aws_vpc.EKS_VPC"
          ]
        }
      ]
    },
    {
      "module": "module.Cluster",
      "mode": "managed",
      "type": "aws_subnet",
      "name": "private_subnet_2",
      "provider": "provider[\"registry.terraform.io/hashicorp/aws\"]",
      "instances": [
        {
          "schema_version": 1,
          "attributes": {
            "arn": "arn:aws:ec2:us-west-2:058264484352:subnet/subnet-01e8c384385fef2ae",
            "assign_ipv6_address_on_creation": false,
            "availability_zone": "us-west-2b",
            "availability_zone_id": "usw2-az1",
            "cidr_block": "10.0.4.0/24",
            "customer_owned_ipv4_pool": "",
            "enable_dns64": false,
            "enable_lni_at_device_index": 0,
            "enable_resource_name_dns_a_record_on_launch": false,
            "enable_resource_name_dns_aaaa_record_on_launch": false,
            "id": "subnet-01e8c384385fef2ae",
            "ipv4_ipam_pool_id": null,
            "ipv4_netmask_length": null,
            "ipv6_cidr_block": "",
            "ipv6_cidr_block_association_id": "",
            "ipv6_ipam_pool_id": null,
            "ipv6_native": false,
            "ipv6_netmask_length": null,
            "map_customer_owned_ip_on_launch": false,
            "map_public_ip_on_launch": false,
            "outpost_arn": "",
            "owner_id": "058264484352",
            "private_dns_hostname_type_on_launch": "ip-name",
            "region": "us-west-2",
            "tags": {
              "Environment": "dev",
              "Name": "EKS_PRIVATE_SUB2",
              "Owner": "team-devops",
              "Project": "myproject"
            },
            "tags_all": {
              "Environment": "dev",
              "Name": "EKS_PRIVATE_SUB2",
              "Owner": "team-devops",
              "Project": "myproject"
            },
            "timeouts": null,
            "vpc_id": "vpc-0896e98c1555622f7"
          },
          "sensitive_attributes": [],
          "identity_schema_version": 0,
          "identity": {
            "account_id": "058264484352",
            "id": "subnet-01e8c384385fef2ae",
            "region": "us-west-2"
          },
          "private": "eyJlMmJmYjczMC1lY2FhLTExZTYtOGY4OC0zNDM2M2JjN2M0YzAiOnsiY3JlYXRlIjo2MDAwMDAwMDAwMDAsImRlbGV0ZSI6MTIwMDAwMDAwMDAwMH0sInNjaGVtYV92ZXJzaW9uIjoiMSJ9",
          "dependencies": [
            "module.Cluster.aws_vpc.EKS_VPC"
          ]
        }
      ]
    },
    {
      "module": "module.Cluster",
      "mode": "managed",
      "type": "aws_subnet",
      "name": "public_subnet_1",
      "provider": "provider[\"registry.terraform.io/hashicorp/aws\"]",
      "instances": [
        {
          "schema_version": 1,
          "attributes": {
            "arn": "arn:aws:ec2:us-west-2:058264484352:subnet/subnet-0c39cd6c3c5b75f08",
            "assign_ipv6_address_on_creation": false,
            "availability_zone": "us-west-2a",
            "availability_zone_id": "usw2-az2",
            "cidr_block": "10.0.1.0/24",
            "customer_owned_ipv4_pool": "",
            "enable_dns64": false,
            "enable_lni_at_device_index": 0,
            "enable_resource_name_dns_a_record_on_launch": false,
            "enable_resource_name_dns_aaaa_record_on_launch": false,
            "id": "subnet-0c39cd6c3c5b75f08",
            "ipv4_ipam_pool_id": null,
            "ipv4_netmask_length": null,
            "ipv6_cidr_block": "",
            "ipv6_cidr_block_association_id": "",
            "ipv6_ipam_pool_id": null,
            "ipv6_native": false,
            "ipv6_netmask_length": null,
            "map_customer_owned_ip_on_launch": false,
            "map_public_ip_on_launch": true,
            "outpost_arn": "",
            "owner_id": "058264484352",
            "private_dns_hostname_type_on_launch": "ip-name",
            "region": "us-west-2",
            "tags": {
              "Environment": "dev",
              "Name": "EKS_PUBLIC_SUB1",
              "Owner": "team-devops",
              "Project": "myproject",
              "kubernetes.io/cluster/dev-cluster": "shared",
              "kubernetes.io/role/elb": "1"
            },
            "tags_all": {
              "Environment": "dev",
              "Name": "EKS_PUBLIC_SUB1",
              "Owner": "team-devops",
              "Project": "myproject",
              "kubernetes.io/cluster/dev-cluster": "shared",
              "kubernetes.io/role/elb": "1"
            },
            "timeouts": null,
            "vpc_id": "vpc-0896e98c1555622f7"
          },
          "sensitive_attributes": [],
          "identity_schema_version": 0,
          "identity": {
            "account_id": "058264484352",
            "id": "subnet-0c39cd6c3c5b75f08",
            "region": "us-west-2"
          },
          "private": "eyJlMmJmYjczMC1lY2FhLTExZTYtOGY4OC0zNDM2M2JjN2M0YzAiOnsiY3JlYXRlIjo2MDAwMDAwMDAwMDAsImRlbGV0ZSI6MTIwMDAwMDAwMDAwMH0sInNjaGVtYV92ZXJzaW9uIjoiMSJ9",
          "dependencies": [
            "module.Cluster.aws_vpc.EKS_VPC"
          ]
        }
      ]
    },
    {
      "module": "module.Cluster",
      "mode": "managed",
      "type": "aws_subnet",
      "name": "public_subnet_2",
      "provider": "provider[\"registry.terraform.io/hashicorp/aws\"]",
      "instances": [
        {
          "schema_version": 1,
          "attributes": {
            "arn": "arn:aws:ec2:us-west-2:058264484352:subnet/subnet-04e84139d21ec5fb4",
            "assign_ipv6_address_on_creation": false,
            "availability_zone": "us-west-2b",
            "availability_zone_id": "usw2-az1",
            "cidr_block": "10.0.2.0/24",
            "customer_owned_ipv4_pool": "",
            "enable_dns64": false,
            "enable_lni_at_device_index": 0,
            "enable_resource_name_dns_a_record_on_launch": false,
            "enable_resource_name_dns_aaaa_record_on_launch": false,
            "id": "subnet-04e84139d21ec5fb4",
            "ipv4_ipam_pool_id": null,
            "ipv4_netmask_length": null,
            "ipv6_cidr_block": "",
            "ipv6_cidr_block_association_id": "",
            "ipv6_ipam_pool_id": null,
            "ipv6_native": false,
            "ipv6_netmask_length": null,
            "map_customer_owned_ip_on_launch": false,
            "map_public_ip_on_launch": true,
            "outpost_arn": "",
            "owner_id": "058264484352",
            "private_dns_hostname_type_on_launch": "ip-name",
            "region": "us-west-2",
            "tags": {
              "Environment": "dev",
              "Name": "EKS_PUBLIC_SUB2",
              "Owner": "team-devops",
              "Project": "myproject",
              "kubernetes.io/cluster/dev-cluster": "shared",
              "kubernetes.io/role/elb": "1"
            },
            "tags_all": {
              "Environment": "dev",
              "Name": "EKS_PUBLIC_SUB2",
              "Owner": "team-devops",
              "Project": "myproject",
              "kubernetes.io/cluster/dev-cluster": "shared",
              "kubernetes.io/role/elb": "1"
            },
            "timeouts": null,
            "vpc_id": "vpc-0896e98c1555622f7"
          },
          "sensitive_attributes": [],
          "identity_schema_version": 0,
          "identity": {
            "account_id": "058264484352",
            "id": "subnet-04e84139d21ec5fb4",
            "region": "us-west-2"
          },
          "private": "eyJlMmJmYjczMC1lY2FhLTExZTYtOGY4OC0zNDM2M2JjN2M0YzAiOnsiY3JlYXRlIjo2MDAwMDAwMDAwMDAsImRlbGV0ZSI6MTIwMDAwMDAwMDAwMH0sInNjaGVtYV92ZXJzaW9uIjoiMSJ9",
          "dependencies": [
            "module.Cluster.aws_vpc.EKS_VPC"
          ]
        }
      ]
    },
    {
      "module": "module.Cluster",
      "mode": "managed",
      "type": "aws_vpc",
      "name": "EKS_VPC",
      "provider": "provider[\"registry.terraform.io/hashicorp/aws\"]",
      "instances": [
        {
          "schema_version": 1,
          "attributes": {
            "arn": "arn:aws:ec2:us-west-2:058264484352:vpc/vpc-0896e98c1555622f7",
            "assign_generated_ipv6_cidr_block": false,
            "cidr_block": "10.0.0.0/16",
            "default_network_acl_id": "acl-07a0a03fb5b818c37",
            "default_route_table_id": "rtb-0ce16c92e33eadc07",
            "default_security_group_id": "sg-0d59840ad109cd4f9",
            "dhcp_options_id": "dopt-06b81497d69c0d0e8",
            "enable_dns_hostnames": false,
            "enable_dns_support": true,
            "enable_network_address_usage_metrics": false,
            "id": "vpc-0896e98c1555622f7",
            "instance_tenancy": "default",
            "ipv4_ipam_pool_id": null,
            "ipv4_netmask_length": null,
            "ipv6_association_id": "",
            "ipv6_cidr_block": "",
            "ipv6_cidr_block_network_border_group": "",
            "ipv6_ipam_pool_id": "",
            "ipv6_netmask_length": 0,
            "main_route_table_id": "rtb-0ce16c92e33eadc07",
            "owner_id": "058264484352",
            "region": "us-west-2",
            "tags": {
              "Environment": "dev",
              "Name": "eks-vpc",
              "Owner": "team-devops",
              "Project": "myproject"
            },
            "tags_all": {
              "Environment": "dev",
              "Name": "eks-vpc",
              "Owner": "team-devops",
              "Project": "myproject"
            }
          },
          "sensitive_attributes": [],
          "identity_schema_version": 0,
          "identity": {
            "account_id": "058264484352",
            "id": "vpc-0896e98c1555622f7",
            "region": "us-west-2"
          },
          "private": "eyJzY2hlbWFfdmVyc2lvbiI6IjEifQ=="
        }
      ]
    }
  ],
  "check_results": null
}
